
Microsoft Visual Studio Solution File, Format Version 12.00
# Visual Studio Version 16
VisualStudioVersion = 16.0.29318.209
MinimumVisualStudioVersion = 10.0.40219.1
Project("{FAE04EC0-301F-11D3-BF4B-00C04F79EFBC}") = "Uploadcare", "Uploadcare\Uploadcare.csproj", "{58F024C2-EB19-4FBE-A4DC-96A990DEAC3B}"
EndProject
Project("{FAE04EC0-301F-11D3-BF4B-00C04F79EFBC}") = "Uploadcare.Tests", "Uploadcare.Tests\Uploadcare.Tests.csproj", "{CF0C571C-F8DC-4623-A926-4E8178D4EA77}"
EndProject
Global
	GlobalSection(SolutionConfigurationPlatforms) = preSolution
		Debug|Any CPU = Debug|Any CPU
		Release|Any CPU = Release|Any CPU
	EndGlobalSection
	GlobalSection(ProjectConfigurationPlatforms) = postSolution
		{58F024C2-EB19-4FBE-A4DC-96A990DEAC3B}.Debug|Any CPU.ActiveCfg = Debug|Any CPU
		{58F024C2-EB19-4FBE-A4DC-96A990DEAC3B}.Debug|Any CPU.Build.0 = Debug|Any CPU
		{58F024C2-EB19-4FBE-A4DC-96A990DEAC3B}.Release|Any CPU.ActiveCfg = Release|Any CPU
		{58F024C2-EB19-4FBE-A4DC-96A990DEAC3B}.Release|Any CPU.Build.0 = Release|Any CPU
		{CF0C571C-F8DC-4623-A926-4E8178D4EA77}.Debug|Any CPU.ActiveCfg = Debug|Any CPU
		{CF0C571C-F8DC-4623-A926-4E8178D4EA77}.Debug|Any CPU.Build.0 = Debug|Any CPU
		{CF0C571C-F8DC-4623-A926-4E8178D4EA77}.Release|Any CPU.ActiveCfg = Release|Any CPU
		{CF0C571C-F8DC-4623-A926-4E8178D4EA77}.Release|Any CPU.Build.0 = Release|Any CPU
	EndGlobalSection
	GlobalSection(SolutionProperties) = preSolution
		HideSolutionNode = FALSE
	EndGlobalSection
	GlobalSection(ExtensibilityGlobals) = postSolution
		SolutionGuid = {7301E0F1-146D-491C-9594-D501E181D2FB}
	EndGlobalSection
EndGlobal
